
Microsoft Visual Studio Solution File, Format Version 12.00
# Visual Studio 15
VisualStudioVersion = 15.0.26124.0
MinimumVisualStudioVersion = 15.0.26124.0
Project("{FAE04EC0-301F-11D3-BF4B-00C04F79EFBC}") = "gtbweb", "gtbweb\gtbweb\gtbweb.csproj", "{7B04B9EA-D6B3-4917-9399-2B431F068BD9}"
EndProject
Project("{FAE04EC0-301F-11D3-BF4B-00C04F79EFBC}") = "gtbweb.IdentityServer", "gtbweb.IdentityServer\gtbweb.IdentityServer.csproj", "{B0F9D09C-6FC4-4394-8DB9-FCD953CF4BCB}"
EndProject
Project("{FAE04EC0-301F-11D3-BF4B-00C04F79EFBC}") = "gtbweb.test", "gtbweb.test\gtbweb.test.csproj", "{2117A174-4815-431B-A10B-94F901A4F29A}"
EndProject
Project("{FAE04EC0-301F-11D3-BF4B-00C04F79EFBC}") = "gtbweb.webapi", "gtbweb.webapi\gtbweb.webapi.csproj", "{95A814E6-6F5D-48C0-9C64-5785DFF74B08}"
EndProject
Project("{FAE04EC0-301F-11D3-BF4B-00C04F79EFBC}") = "gtbweb.blazor", "gtbweb.blazor\gtbweb.blazor.csproj", "{E5582F79-905B-4B80-A93A-A8884495EA7D}"
EndProject
Global
	GlobalSection(SolutionConfigurationPlatforms) = preSolution
		Debug|Any CPU = Debug|Any CPU
		Debug|x64 = Debug|x64
		Debug|x86 = Debug|x86
		Release|Any CPU = Release|Any CPU
		Release|x64 = Release|x64
		Release|x86 = Release|x86
	EndGlobalSection
	GlobalSection(SolutionProperties) = preSolution
		HideSolutionNode = FALSE
	EndGlobalSection
	GlobalSection(ProjectConfigurationPlatforms) = postSolution
		{7B04B9EA-D6B3-4917-9399-2B431F068BD9}.Debug|Any CPU.ActiveCfg = Debug|Any CPU
		{7B04B9EA-D6B3-4917-9399-2B431F068BD9}.Debug|Any CPU.Build.0 = Debug|Any CPU
		{7B04B9EA-D6B3-4917-9399-2B431F068BD9}.Debug|x64.ActiveCfg = Debug|Any CPU
		{7B04B9EA-D6B3-4917-9399-2B431F068BD9}.Debug|x64.Build.0 = Debug|Any CPU
		{7B04B9EA-D6B3-4917-9399-2B431F068BD9}.Debug|x86.ActiveCfg = Debug|Any CPU
		{7B04B9EA-D6B3-4917-9399-2B431F068BD9}.Debug|x86.Build.0 = Debug|Any CPU
		{7B04B9EA-D6B3-4917-9399-2B431F068BD9}.Release|Any CPU.ActiveCfg = Release|Any CPU
		{7B04B9EA-D6B3-4917-9399-2B431F068BD9}.Release|Any CPU.Build.0 = Release|Any CPU
		{7B04B9EA-D6B3-4917-9399-2B431F068BD9}.Release|x64.ActiveCfg = Release|Any CPU
		{7B04B9EA-D6B3-4917-9399-2B431F068BD9}.Release|x64.Build.0 = Release|Any CPU
		{7B04B9EA-D6B3-4917-9399-2B431F068BD9}.Release|x86.ActiveCfg = Release|Any CPU
		{7B04B9EA-D6B3-4917-9399-2B431F068BD9}.Release|x86.Build.0 = Release|Any CPU
		{B0F9D09C-6FC4-4394-8DB9-FCD953CF4BCB}.Debug|Any CPU.ActiveCfg = Debug|Any CPU
		{B0F9D09C-6FC4-4394-8DB9-FCD953CF4BCB}.Debug|Any CPU.Build.0 = Debug|Any CPU
		{B0F9D09C-6FC4-4394-8DB9-FCD953CF4BCB}.Debug|x64.ActiveCfg = Debug|Any CPU
		{B0F9D09C-6FC4-4394-8DB9-FCD953CF4BCB}.Debug|x64.Build.0 = Debug|Any CPU
		{B0F9D09C-6FC4-4394-8DB9-FCD953CF4BCB}.Debug|x86.ActiveCfg = Debug|Any CPU
		{B0F9D09C-6FC4-4394-8DB9-FCD953CF4BCB}.Debug|x86.Build.0 = Debug|Any CPU
		{B0F9D09C-6FC4-4394-8DB9-FCD953CF4BCB}.Release|Any CPU.ActiveCfg = Release|Any CPU
		{B0F9D09C-6FC4-4394-8DB9-FCD953CF4BCB}.Release|Any CPU.Build.0 = Release|Any CPU
		{B0F9D09C-6FC4-4394-8DB9-FCD953CF4BCB}.Release|x64.ActiveCfg = Release|Any CPU
		{B0F9D09C-6FC4-4394-8DB9-FCD953CF4BCB}.Release|x64.Build.0 = Release|Any CPU
		{B0F9D09C-6FC4-4394-8DB9-FCD953CF4BCB}.Release|x86.ActiveCfg = Release|Any CPU
		{B0F9D09C-6FC4-4394-8DB9-FCD953CF4BCB}.Release|x86.Build.0 = Release|Any CPU
		{2117A174-4815-431B-A10B-94F901A4F29A}.Debug|Any CPU.ActiveCfg = Debug|Any CPU
		{2117A174-4815-431B-A10B-94F901A4F29A}.Debug|Any CPU.Build.0 = Debug|Any CPU
		{2117A174-4815-431B-A10B-94F901A4F29A}.Debug|x64.ActiveCfg = Debug|Any CPU
		{2117A174-4815-431B-A10B-94F901A4F29A}.Debug|x64.Build.0 = Debug|Any CPU
		{2117A174-4815-431B-A10B-94F901A4F29A}.Debug|x86.ActiveCfg = Debug|Any CPU
		{2117A174-4815-431B-A10B-94F901A4F29A}.Debug|x86.Build.0 = Debug|Any CPU
		{2117A174-4815-431B-A10B-94F901A4F29A}.Release|Any CPU.ActiveCfg = Release|Any CPU
		{2117A174-4815-431B-A10B-94F901A4F29A}.Release|Any CPU.Build.0 = Release|Any CPU
		{2117A174-4815-431B-A10B-94F901A4F29A}.Release|x64.ActiveCfg = Release|Any CPU
		{2117A174-4815-431B-A10B-94F901A4F29A}.Release|x64.Build.0 = Release|Any CPU
		{2117A174-4815-431B-A10B-94F901A4F29A}.Release|x86.ActiveCfg = Release|Any CPU
		{2117A174-4815-431B-A10B-94F901A4F29A}.Release|x86.Build.0 = Release|Any CPU
		{95A814E6-6F5D-48C0-9C64-5785DFF74B08}.Debug|Any CPU.ActiveCfg = Debug|Any CPU
		{95A814E6-6F5D-48C0-9C64-5785DFF74B08}.Debug|Any CPU.Build.0 = Debug|Any CPU
		{95A814E6-6F5D-48C0-9C64-5785DFF74B08}.Debug|x64.ActiveCfg = Debug|Any CPU
		{95A814E6-6F5D-48C0-9C64-5785DFF74B08}.Debug|x64.Build.0 = Debug|Any CPU
		{95A814E6-6F5D-48C0-9C64-5785DFF74B08}.Debug|x86.ActiveCfg = Debug|Any CPU
		{95A814E6-6F5D-48C0-9C64-5785DFF74B08}.Debug|x86.Build.0 = Debug|Any CPU
		{95A814E6-6F5D-48C0-9C64-5785DFF74B08}.Release|Any CPU.ActiveCfg = Release|Any CPU
		{95A814E6-6F5D-48C0-9C64-5785DFF74B08}.Release|Any CPU.Build.0 = Release|Any CPU
		{95A814E6-6F5D-48C0-9C64-5785DFF74B08}.Release|x64.ActiveCfg = Release|Any CPU
		{95A814E6-6F5D-48C0-9C64-5785DFF74B08}.Release|x64.Build.0 = Release|Any CPU
		{95A814E6-6F5D-48C0-9C64-5785DFF74B08}.Release|x86.ActiveCfg = Release|Any CPU
		{95A814E6-6F5D-48C0-9C64-5785DFF74B08}.Release|x86.Build.0 = Release|Any CPU
		{E5582F79-905B-4B80-A93A-A8884495EA7D}.Debug|Any CPU.ActiveCfg = Debug|Any CPU
		{E5582F79-905B-4B80-A93A-A8884495EA7D}.Debug|Any CPU.Build.0 = Debug|Any CPU
		{E5582F79-905B-4B80-A93A-A8884495EA7D}.Debug|x64.ActiveCfg = Debug|Any CPU
		{E5582F79-905B-4B80-A93A-A8884495EA7D}.Debug|x64.Build.0 = Debug|Any CPU
		{E5582F79-905B-4B80-A93A-A8884495EA7D}.Debug|x86.ActiveCfg = Debug|Any CPU
		{E5582F79-905B-4B80-A93A-A8884495EA7D}.Debug|x86.Build.0 = Debug|Any CPU
		{E5582F79-905B-4B80-A93A-A8884495EA7D}.Release|Any CPU.ActiveCfg = Release|Any CPU
		{E5582F79-905B-4B80-A93A-A8884495EA7D}.Release|Any CPU.Build.0 = Release|Any CPU
		{E5582F79-905B-4B80-A93A-A8884495EA7D}.Release|x64.ActiveCfg = Release|Any CPU
		{E5582F79-905B-4B80-A93A-A8884495EA7D}.Release|x64.Build.0 = Release|Any CPU
		{E5582F79-905B-4B80-A93A-A8884495EA7D}.Release|x86.ActiveCfg = Release|Any CPU
		{E5582F79-905B-4B80-A93A-A8884495EA7D}.Release|x86.Build.0 = Release|Any CPU
	EndGlobalSection
	
EndGlobal
